# THIS IS AN AUTOGENERATED FILE. DO NOT EDIT THIS FILE DIRECTLY.
# yarn lockfile v1


"@googlemaps/js-api-loader@1.15.1":
  version "1.15.1"
  resolved "https://registry.npmjs.org/@googlemaps/js-api-loader/-/js-api-loader-1.15.1.tgz"
  integrity sha512-AsnEgNsB7S/VdrHGEQUaUM2e5tmjFGKBAfzR/AqO8O7TPq/jQGvoRw5liPBw4EMF38RDsHmKDV89q/X+qiUREQ==
  dependencies:
    fast-deep-equal "^3.1.3"

"@googlemaps/markerclusterer@2.0.13":
  version "2.0.13"
  resolved "https://registry.npmjs.org/@googlemaps/markerclusterer/-/markerclusterer-2.0.13.tgz"
  integrity sha512-302GjQ9gsHOK/ef6hif+rJDv+AB3THst02iDCbXH2PS9GFwb/5yuytaLpuzJiqGNG+k2zvTAWTsGY/fQN5DZ7w==
  dependencies:
    fast-deep-equal "^3.1.3"
    supercluster "^7.1.3"

"@react-google-maps/api@^2.17.0":
  version "2.17.0"
  resolved "https://registry.npmjs.org/@react-google-maps/api/-/api-2.17.0.tgz"
  integrity sha512-b4HYlWsS6w3B9QXNWoQd6pfc7eUyAOyBNu+Z10u2ouBTeWkKw5kTCDhjsPc9prhg1o+eS3UC3raJVBg88XbUtQ==
  dependencies:
    "@googlemaps/js-api-loader" "1.15.1"
    "@googlemaps/markerclusterer" "2.0.13"
    "@react-google-maps/infobox" "2.16.0"
    "@react-google-maps/marker-clusterer" "2.16.1"
    "@types/google.maps" "3.50.5"
    invariant "2.2.4"

"@react-google-maps/infobox@2.16.0":
  version "2.16.0"
  resolved "https://registry.npmjs.org/@react-google-maps/infobox/-/infobox-2.16.0.tgz"
  integrity sha512-ZojiMS25388RcUHQPycUAerSqdHDom+3dHczVcXHdT/i8fka3O8InkHxXwMhvBoM143ips7mv2BPaYOAJ5f4Nw==

"@react-google-maps/marker-clusterer@2.16.1":
  version "2.16.1"
  resolved "https://registry.npmjs.org/@react-google-maps/marker-clusterer/-/marker-clusterer-2.16.1.tgz"
  integrity sha512-jOuyqzWLeXvQcoAu6TCVWHAuko+sDt0JjawNHBGqUNLywMtTCvYP0L0PiqJZOUCUeRYGdUy0AKxQ+30vAkvwag==

"@types/geojson@*":
  version "7946.0.10"
  resolved "https://registry.npmjs.org/@types/geojson/-/geojson-7946.0.10.tgz"
  integrity sha512-Nmh0K3iWQJzniTuPRcJn5hxXkfB1T1pgB89SBig5PlJQU5yocazeu4jATJlaA0GYFKWMqDdvYemoSnF2pXgLVA==

"@types/google.maps@3.50.5":
  version "3.50.5"
  resolved "https://registry.npmjs.org/@types/google.maps/-/google.maps-3.50.5.tgz"
  integrity sha512-RuZf1MJtctGlpW+Gd4a/eGtAufUDjMf+eyN1l+B3fbe2YLScJbg8KEljJfb+6vnSPFAeM1/48geVIEg3vqOkxw==

"@types/mapbox-gl@^2.6.0":
  version "2.7.8"
  resolved "https://registry.npmjs.org/@types/mapbox-gl/-/mapbox-gl-2.7.8.tgz"
  integrity sha512-dqjHeYcUquenNOUMjhlZtbxrPJAE0+UwFq/KhAG5VWO2tX0ZxagSOmMPTruySf3sn7RFHMDd2kQKYmJlPC33xA==
  dependencies:
    "@types/geojson" "*"

"@types/node@^18.11.9":
  version "18.11.9"
  resolved "https://registry.npmjs.org/@types/node/-/node-18.11.9.tgz"
  integrity sha512-CRpX21/kGdzjOpFsZSkcrXMGIBWMGNIHXXBVFSH+ggkftxg+XYP20TESbh+zFvFj3EQOl5byk0HTRn1IL6hbqg==

dotenv@^16.0.3:
  version "16.0.3"
  resolved "https://registry.yarnpkg.com/dotenv/-/dotenv-16.0.3.tgz#115aec42bac5053db3c456db30cc243a5a836a07"
  integrity sha512-7GO6HghkA5fYG9TYnNxi14/7K9f5occMlp3zXAuSxn7CKCxt9xbNWG7yF8hTCSUchlfWSe3uLmlPfigevRItzQ==

fast-deep-equal@^3.1.3:
  version "3.1.3"
  resolved "https://registry.npmjs.org/fast-deep-equal/-/fast-deep-equal-3.1.3.tgz"
  integrity sha512-f3qQ9oQy9j2AhBe/H9VC91wLmKBCCU/gDOnKNAYG5hswO7BLKj09Hc5HYNz9cGI++xlpDCIgDaitVs03ATR84Q==

invariant@2.2.4:
  version "2.2.4"
  resolved "https://registry.npmjs.org/invariant/-/invariant-2.2.4.tgz"
  integrity sha512-phJfQVBuaJM5raOpJjSfkiD6BpbCE4Ns//LaXl6wGYtUBY83nWS6Rf9tXm2e8VaK60JEjYldbPif/A2B1C2gNA==
  dependencies:
    loose-envify "^1.0.0"

"js-tokens@^3.0.0 || ^4.0.0":
  version "4.0.0"
  resolved "https://registry.npmjs.org/js-tokens/-/js-tokens-4.0.0.tgz"
  integrity sha512-RdJUflcE3cUzKiMqQgsCu06FPu9UdIJO0beYbPhHN4k6apgJtifcoCtT9bcxOpYBtpD2kCM6Sbzg4CausW/PKQ==

kdbush@^3.0.0:
  version "3.0.0"
  resolved "https://registry.npmjs.org/kdbush/-/kdbush-3.0.0.tgz"
  integrity sha512-hRkd6/XW4HTsA9vjVpY9tuXJYLSlelnkTmVFu4M9/7MIYQtFcHpbugAU7UbOfjOiVSVYl2fqgBuJ32JUmRo5Ew==

loose-envify@^1.0.0:
  version "1.4.0"
  resolved "https://registry.npmjs.org/loose-envify/-/loose-envify-1.4.0.tgz"
  integrity sha512-lyuxPGr/Wfhrlem2CL/UcnUc1zcqKAImBDzukY7Y5F/yQiNdko6+fRLevlw1HgMySw7f611UIY408EtxRSoK3Q==
  dependencies:
    js-tokens "^3.0.0 || ^4.0.0"

react-map-gl@^7.0.19:
  version "7.0.19"
  resolved "https://registry.npmjs.org/react-map-gl/-/react-map-gl-7.0.19.tgz"
  integrity sha512-s3E8aU6BursSDVwzQZbzdDzDRUX4kdfRqZODYvkdDbInr3RzaNdlbhJ5tojXKWOonsxV6wt+Acv9JCaOMKaf0A==
  dependencies:
    "@types/mapbox-gl" "^2.6.0"

supercluster@^7.1.3:
  version "7.1.5"
  resolved "https://registry.npmjs.org/supercluster/-/supercluster-7.1.5.tgz"
  integrity sha512-EulshI3pGUM66o6ZdH3ReiFcvHpM3vAigyK+vcxdjpJyEbIIrtbmBdY23mGgnI24uXiGFvrGq9Gkum/8U7vJWg==
  dependencies:
    kdbush "^3.0.0"
